
Microsoft Visual Studio Solution File, Format Version 12.00
# Visual Studio Version 17
VisualStudioVersion = 17.5.33627.172
MinimumVisualStudioVersion = 10.0.40219.1
Project("{FAE04EC0-301F-11D3-BF4B-00C04F79EFBC}") = "Resources_ex_Button", "Resources_ex_Button\Resources_ex_Button.csproj", "{8EB3D011-1CFB-4A04-9AEB-5E239A93D69A}"
EndProject
Global
	GlobalSection(SolutionConfigurationPlatforms) = preSolution
		Debug|Any CPU = Debug|Any CPU
		Release|Any CPU = Release|Any CPU
	EndGlobalSection
	GlobalSection(ProjectConfigurationPlatforms) = postSolution
		{8EB3D011-1CFB-4A04-9AEB-5E239A93D69A}.Debug|Any CPU.ActiveCfg = Debug|Any CPU
		{8EB3D011-1CFB-4A04-9AEB-5E239A93D69A}.Debug|Any CPU.Build.0 = Debug|Any CPU
		{8EB3D011-1CFB-4A04-9AEB-5E239A93D69A}.Release|Any CPU.ActiveCfg = Release|Any CPU
		{8EB3D011-1CFB-4A04-9AEB-5E239A93D69A}.Release|Any CPU.Build.0 = Release|Any CPU
	EndGlobalSection
	GlobalSection(SolutionProperties) = preSolution
		HideSolutionNode = FALSE
	EndGlobalSection
	GlobalSection(ExtensibilityGlobals) = postSolution
		SolutionGuid = {3BBCE376-C267-419A-9C79-05B696744014}
	EndGlobalSection
EndGlobal
