
Microsoft Visual Studio Solution File, Format Version 12.00
# Visual Studio Version 17
VisualStudioVersion = 17.5.33627.172
MinimumVisualStudioVersion = 10.0.40219.1
Project("{FAE04EC0-301F-11D3-BF4B-00C04F79EFBC}") = "CustomControl", "CustomControl\CustomControl.csproj", "{5719DCCA-73F6-4D57-BBB7-9B794EEE6ED9}"
EndProject
Global
	GlobalSection(SolutionConfigurationPlatforms) = preSolution
		Debug|Any CPU = Debug|Any CPU
		Release|Any CPU = Release|Any CPU
	EndGlobalSection
	GlobalSection(ProjectConfigurationPlatforms) = postSolution
		{5719DCCA-73F6-4D57-BBB7-9B794EEE6ED9}.Debug|Any CPU.ActiveCfg = Debug|Any CPU
		{5719DCCA-73F6-4D57-BBB7-9B794EEE6ED9}.Debug|Any CPU.Build.0 = Debug|Any CPU
		{5719DCCA-73F6-4D57-BBB7-9B794EEE6ED9}.Release|Any CPU.ActiveCfg = Release|Any CPU
		{5719DCCA-73F6-4D57-BBB7-9B794EEE6ED9}.Release|Any CPU.Build.0 = Release|Any CPU
	EndGlobalSection
	GlobalSection(SolutionProperties) = preSolution
		HideSolutionNode = FALSE
	EndGlobalSection
	GlobalSection(ExtensibilityGlobals) = postSolution
		SolutionGuid = {02E35D8A-095F-4AED-A4A6-230BC70F8604}
	EndGlobalSection
EndGlobal
