
Microsoft Visual Studio Solution File, Format Version 12.00
# Visual Studio Version 16
VisualStudioVersion = 16.0.32428.217
MinimumVisualStudioVersion = 10.0.40219.1
Project("{FAE04EC0-301F-11D3-BF4B-00C04F79EFBC}") = "WpfStudy01", "WpfStudy01\WpfStudy01.csproj", "{9810AC63-EEAA-4E29-975B-1B593512A141}"
EndProject
Global
	GlobalSection(SolutionConfigurationPlatforms) = preSolution
		Debug|Any CPU = Debug|Any CPU
		Release|Any CPU = Release|Any CPU
	EndGlobalSection
	GlobalSection(ProjectConfigurationPlatforms) = postSolution
		{9810AC63-EEAA-4E29-975B-1B593512A141}.Debug|Any CPU.ActiveCfg = Debug|Any CPU
		{9810AC63-EEAA-4E29-975B-1B593512A141}.Debug|Any CPU.Build.0 = Debug|Any CPU
		{9810AC63-EEAA-4E29-975B-1B593512A141}.Release|Any CPU.ActiveCfg = Release|Any CPU
		{9810AC63-EEAA-4E29-975B-1B593512A141}.Release|Any CPU.Build.0 = Release|Any CPU
	EndGlobalSection
	GlobalSection(SolutionProperties) = preSolution
		HideSolutionNode = FALSE
	EndGlobalSection
	GlobalSection(ExtensibilityGlobals) = postSolution
		SolutionGuid = {BC5F249A-B132-4CBE-A3C8-E1BA5E71B21B}
	EndGlobalSection
EndGlobal
